// !$*UTF8*$!
{
	archiveVersion = 1;
	classes = {
	};
	objectVersion = 56;
	objects = {

/* Begin PBXBuildFile section */
		6058406EB8AA862A7871B1C0 /* Almendra-Regular.ttf in Resources */ = {isa = PBXBuildFile; fileRef = 6E9A4DA2AD98FEF9383E9FEB /* Almendra-Regular.ttf */; };
		'AA000001' = {isa = PBXBuildFile; fileRef = AA100001; };
		'AA000002' = {isa = PBXBuildFile; fileRef = AA100002; };
		'AA000003' = {isa = PBXBuildFile; fileRef = AA100003; };
		'AA000004' = {isa = PBXBuildFile; fileRef = AA100004; };
		'AA000005' = {isa = PBXBuildFile; fileRef = AA100005; };
		'AA000006' = {isa = PBXBuildFile; fileRef = AA100006; };
		'AA000007' = {isa = PBXBuildFile; fileRef = AA100007; };
		'AA000008' = {isa = PBXBuildFile; fileRef = AA100008; };
		'AA000009' = {isa = PBXBuildFile; fileRef = AA100009; };
		'AA000010' = {isa = PBXBuildFile; fileRef = AA100010; };
		'AA000011' = {isa = PBXBuildFile; fileRef = AA100011; };
		'AA000012' = {isa = PBXBuildFile; fileRef = AA100012; };
		'AA000013' = {isa = PBXBuildFile; fileRef = AA100013; };
		'AA000014' = {isa = PBXBuildFile; fileRef = AA100014; };
		'AA000015' = {isa = PBXBuildFile; fileRef = AA100015; };
		'AA000016' = {isa = PBXBuildFile; fileRef = AA100016; };
		'AA000017' = {isa = PBXBuildFile; fileRef = AA100017; };
		AE564FFEBE96C4565E77AAF4 /* Jersey10-Regular.ttf in Resources */ = {isa = PBXBuildFile; fileRef = 664C4872899C668E7C69893A /* Jersey10-Regular.ttf */; };
/* End PBXBuildFile section */

/* Begin PBXFileReference section */
		664C4872899C668E7C69893A /* Jersey10-Regular.ttf */ = {isa = PBXFileReference; lastKnownFileType = file.ttf; name = "Jersey10-Regular.ttf"; path = "Bitsongs/Fonts/Jersey10-Regular.ttf"; sourceTree = SOURCE_ROOT; };
		6E9A4DA2AD98FEF9383E9FEB /* Almendra-Regular.ttf */ = {isa = PBXFileReference; lastKnownFileType = file.ttf; name = "Almendra-Regular.ttf"; path = "Bitsongs/Fonts/Almendra-Regular.ttf"; sourceTree = SOURCE_ROOT; };
		'AA100001' = {isa = PBXFileReference; lastKnownFileType = sourcecode.swift; path = BitsongApp.swift; sourceTree = "<group>"; };
		'AA100002' = {isa = PBXFileReference; lastKnownFileType = sourcecode.swift; path = Song.swift; sourceTree = "<group>"; };
		'AA100003' = {isa = PBXFileReference; lastKnownFileType = sourcecode.swift; path = MusicPlayerViewModel.swift; sourceTree = "<group>"; };
		'AA100004' = {isa = PBXFileReference; lastKnownFileType = sourcecode.swift; path = MusicPlayerView.swift; sourceTree = "<group>"; };
		'AA100005' = {isa = PBXFileReference; lastKnownFileType = sourcecode.swift; path = DynamicBackgroundView.swift; sourceTree = "<group>"; };
		'AA100006' = {isa = PBXFileReference; lastKnownFileType = sourcecode.swift; path = AlbumArtView.swift; sourceTree = "<group>"; };
		'AA100007' = {isa = PBXFileReference; lastKnownFileType = sourcecode.swift; path = PlaybackControlsView.swift; sourceTree = "<group>"; };
		'AA100008' = {isa = PBXFileReference; lastKnownFileType = sourcecode.swift; path = SearchBarView.swift; sourceTree = "<group>"; };
		'AA100009' = {isa = PBXFileReference; lastKnownFileType = sourcecode.swift; path = UpNextView.swift; sourceTree = "<group>"; };
		'AA100010' = {isa = PBXFileReference; lastKnownFileType = sourcecode.swift; path = ColorExtractor.swift; sourceTree = "<group>"; };
		'AA100011' = {isa = PBXFileReference; lastKnownFileType = sourcecode.swift; path = HapticManager.swift; sourceTree = "<group>"; };
		'AA100012' = {isa = PBXFileReference; lastKnownFileType = sourcecode.swift; path = ToneGenerator.swift; sourceTree = "<group>"; };
		'AA100013' = {isa = PBXFileReference; lastKnownFileType = folder.assetcatalog; path = Assets.xcassets; sourceTree = "<group>"; };
		'AA100014' = {isa = PBXFileReference; lastKnownFileType = folder.assetcatalog; path = "Preview Assets.xcassets"; sourceTree = "<group>"; };
		'AA100015' = {isa = PBXFileReference; lastKnownFileType = sourcecode.swift; path = NetworkService.swift; sourceTree = "<group>"; };
		'AA100016' = {isa = PBXFileReference; lastKnownFileType = sourcecode.swift; path = RootContentView.swift; sourceTree = "<group>"; };
		'AA100017' = {isa = PBXFileReference; lastKnownFileType = sourcecode.swift; path = GalaxySidebarView.swift; sourceTree = "<group>"; };
		'AA200001' = {isa = PBXFileReference; explicitFileType = wrapper.application; includeInIndex = 0; path = Bitsongs.app; sourceTree = BUILT_PRODUCTS_DIR; };
		'AA300001' = {isa = PBXFileReference; lastKnownFileType = text.plist.xml; path = Info.plist; sourceTree = "<group>"; };
/* End PBXFileReference section */

/* Begin PBXFrameworksBuildPhase section */
		'AA400001' = {
			isa = PBXFrameworksBuildPhase;
			buildActionMask = 2147483647;
			files = (
			);
			runOnlyForDeploymentPostprocessing = 0;
		};
/* End PBXFrameworksBuildPhase section */

/* Begin PBXGroup section */
		'AA500001' = {
			isa = PBXGroup;
			children = (
				AA500002,
				AA500009,
				664C4872899C668E7C69893A /* Jersey10-Regular.ttf */,
				6E9A4DA2AD98FEF9383E9FEB /* Almendra-Regular.ttf */,
			);
			sourceTree = "<group>";
		};
		'AA500002' = {
			isa = PBXGroup;
			children = (
				AA100001,
				AA300001,
				AA500003,
				AA500004,
				AA500005,
				AA500010,
				AA500007,
				AA100013,
				AA500008,
			);
			path = Bitsongs;
			sourceTree = "<group>";
		};
		'AA500003' = {
			isa = PBXGroup;
			children = (
				AA100002,
			);
			path = Models;
			sourceTree = "<group>";
		};
		'AA500004' = {
			isa = PBXGroup;
			children = (
				AA100003,
			);
			path = ViewModels;
			sourceTree = "<group>";
		};
		'AA500005' = {
			isa = PBXGroup;
			children = (
				AA100004,
				AA100016,
				AA100017,
				AA500006,
			);
			path = Views;
			sourceTree = "<group>";
		};
		'AA500006' = {
			isa = PBXGroup;
			children = (
				AA100005,
				AA100006,
				AA100007,
				AA100008,
				AA100009,
			);
			path = Components;
			sourceTree = "<group>";
		};
		'AA500007' = {
			isa = PBXGroup;
			children = (
				AA100010,
				AA100011,
				AA100012,
			);
			path = Utilities;
			sourceTree = "<group>";
		};
		'AA500008' = {
			isa = PBXGroup;
			children = (
				AA100014,
			);
			path = "Preview Content";
			sourceTree = "<group>";
		};
		'AA500009' = {
			isa = PBXGroup;
			children = (
				AA200001,
			);
			name = Products;
			sourceTree = "<group>";
		};
		'AA500010' = {
			isa = PBXGroup;
			children = (
				AA100015,
			);
			path = Services;
			sourceTree = "<group>";
		};
/* End PBXGroup section */

/* Begin PBXNativeTarget section */
		'AA600001' = {
			isa = PBXNativeTarget;
			buildConfigurationList = AA800002;
			buildPhases = (
				AA700001,
				AA400001,
				AA700002,
			);
			buildRules = (
			);
			dependencies = (
			);
			name = Bitsongs;
			productName = Bitsongs;
			productReference = AA200001;
			productType = "com.apple.product-type.application";
		};
/* End PBXNativeTarget section */

/* Begin PBXProject section */
		'AA900001' = {
			isa = PBXProject;
			attributes = {
				BuildIndependentTargetsInParallel = 1;
				LastSwiftUpdateCheck = 1540;
				LastUpgradeCheck = 1540;
				TargetAttributes = {
					AA600001 = {
						CreatedOnToolsVersion = 15.4;
					};
				};
			};
			buildConfigurationList = AA800001;
			compatibilityVersion = "Xcode 14.0";
			developmentRegion = en;
			hasScannedForEncodings = 0;
			knownRegions = (
				en,
				Base,
			);
			mainGroup = AA500001;
			productRefGroup = AA500009;
			projectDirPath = "";
			projectRoot = "";
			targets = (
				AA600001,
			);
		};
/* End PBXProject section */

/* Begin PBXResourcesBuildPhase section */
		'AA700002' = {
			isa = PBXResourcesBuildPhase;
			buildActionMask = 2147483647;
			files = (
				AA000014,
				AA000013,
				AE564FFEBE96C4565E77AAF4 /* Jersey10-Regular.ttf in Resources */,
				6058406EB8AA862A7871B1C0 /* Almendra-Regular.ttf in Resources */,
			);
			runOnlyForDeploymentPostprocessing = 0;
		};
/* End PBXResourcesBuildPhase section */

/* Begin PBXSourcesBuildPhase section */
		'AA700001' = {
			isa = PBXSourcesBuildPhase;
			buildActionMask = 2147483647;
			files = (
				AA000001,
				AA000002,
				AA000003,
				AA000004,
				AA000005,
				AA000006,
				AA000007,
				AA000008,
				AA000009,
				AA000010,
				AA000011,
				AA000012,
				AA000015,
				AA000016,
				AA000017,
			);
			runOnlyForDeploymentPostprocessing = 0;
		};
/* End PBXSourcesBuildPhase section */

/* Begin XCBuildConfiguration section */
		'AAB00001' = {
			isa = XCBuildConfiguration;
			buildSettings = {
				ALWAYS_SEARCH_USER_PATHS = NO;
				ASSETCATALOG_COMPILER_GENERATE_SWIFT_ASSET_SYMBOL_EXTENSIONS = YES;
				CLANG_ANALYZER_NONNULL = YES;
				CLANG_ANALYZER_NUMBER_OBJECT_CONVERSION = YES_AGGRESSIVE;
				CLANG_CXX_LANGUAGE_STANDARD = "gnu++20";
				CLANG_ENABLE_MODULES = YES;
				CLANG_ENABLE_OBJC_ARC = YES;
				CLANG_ENABLE_OBJC_WEAK = YES;
				CLANG_WARN_BLOCK_CAPTURE_AUTORELEASING = YES;
				CLANG_WARN_BOOL_CONVERSION = YES;
				CLANG_WARN_COMMA = YES;
				CLANG_WARN_CONSTANT_CONVERSION = YES;
				CLANG_WARN_DEPRECATED_OBJC_IMPLEMENTATIONS = YES;
				CLANG_WARN_DIRECT_OBJC_ISA_USAGE = YES_ERROR;
				CLANG_WARN_DOCUMENTATION_COMMENTS = YES;
				CLANG_WARN_EMPTY_BODY = YES;
				CLANG_WARN_ENUM_CONVERSION = YES;
				CLANG_WARN_INFINITE_RECURSION = YES;
				CLANG_WARN_INT_CONVERSION = YES;
				CLANG_WARN_NON_LITERAL_NULL_CONVERSION = YES;
				CLANG_WARN_OBJC_IMPLICIT_RETAIN_SELF = YES;
				CLANG_WARN_OBJC_LITERAL_CONVERSION = YES;
				CLANG_WARN_OBJC_ROOT_CLASS = YES_ERROR;
				CLANG_WARN_QUOTED_INCLUDE_IN_FRAMEWORK_HEADER = YES;
				CLANG_WARN_RANGE_LOOP_ANALYSIS = YES;
				CLANG_WARN_STRICT_PROTOTYPES = YES;
				CLANG_WARN_SUSPICIOUS_MOVE = YES;
				CLANG_WARN_UNGUARDED_AVAILABILITY = YES_AGGRESSIVE;
				CLANG_WARN_UNREACHABLE_CODE = YES;
				CLANG_WARN__DUPLICATE_METHOD_MATCH = YES;
				COPY_PHASE_STRIP = NO;
				DEBUG_INFORMATION_FORMAT = dwarf;
				ENABLE_STRICT_OBJC_MSGSEND = YES;
				ENABLE_TESTABILITY = YES;
				ENABLE_USER_SCRIPT_SANDBOXING = YES;
				GCC_C_LANGUAGE_STANDARD = gnu17;
				GCC_DYNAMIC_NO_PIC = NO;
				GCC_NO_COMMON_BLOCKS = YES;
				GCC_OPTIMIZATION_LEVEL = 0;
				GCC_PREPROCESSOR_DEFINITIONS = (
					"DEBUG=1",
					"$(inherited)",
				);
				GCC_WARN_64_TO_32_BIT_CONVERSION = YES;
				GCC_WARN_ABOUT_RETURN_TYPE = YES_ERROR;
				GCC_WARN_UNDECLARED_SELECTOR = YES;
				GCC_WARN_UNINITIALIZED_AUTOS = YES_AGGRESSIVE;
				GCC_WARN_UNUSED_FUNCTION = YES;
				GCC_WARN_UNUSED_VARIABLE = YES;
				MACOSX_DEPLOYMENT_TARGET = 13.0;
				LOCALIZATION_PREFERS_STRING_CATALOGS = YES;
				MTL_ENABLE_DEBUG_INFO = INCLUDE_SOURCE;
				MTL_FAST_MATH = YES;
				ONLY_ACTIVE_ARCH = YES;
				SDKROOT = macosx;
				SWIFT_ACTIVE_COMPILATION_CONDITIONS = "DEBUG $(inherited)";
				SWIFT_OPTIMIZATION_LEVEL = "-Onone";
			};
			name = Debug;
		};
		'AAB00002' = {
			isa = XCBuildConfiguration;
			buildSettings = {
				ALWAYS_SEARCH_USER_PATHS = NO;
				ASSETCATALOG_COMPILER_GENERATE_SWIFT_ASSET_SYMBOL_EXTENSIONS = YES;
				CLANG_ANALYZER_NONNULL = YES;
				CLANG_ANALYZER_NUMBER_OBJECT_CONVERSION = YES_AGGRESSIVE;
				CLANG_CXX_LANGUAGE_STANDARD = "gnu++20";
				CLANG_ENABLE_MODULES = YES;
				CLANG_ENABLE_OBJC_ARC = YES;
				CLANG_ENABLE_OBJC_WEAK = YES;
				CLANG_WARN_BLOCK_CAPTURE_AUTORELEASING = YES;
				CLANG_WARN_BOOL_CONVERSION = YES;
				CLANG_WARN_COMMA = YES;
				CLANG_WARN_CONSTANT_CONVERSION = YES;
				CLANG_WARN_DEPRECATED_OBJC_IMPLEMENTATIONS = YES;
				CLANG_WARN_DIRECT_OBJC_ISA_USAGE = YES_ERROR;
				CLANG_WARN_DOCUMENTATION_COMMENTS = YES;
				CLANG_WARN_EMPTY_BODY = YES;
				CLANG_WARN_ENUM_CONVERSION = YES;
				CLANG_WARN_INFINITE_RECURSION = YES;
				CLANG_WARN_INT_CONVERSION = YES;
				CLANG_WARN_NON_LITERAL_NULL_CONVERSION = YES;
				CLANG_WARN_OBJC_IMPLICIT_RETAIN_SELF = YES;
				CLANG_WARN_OBJC_LITERAL_CONVERSION = YES;
				CLANG_WARN_OBJC_ROOT_CLASS = YES_ERROR;
				CLANG_WARN_QUOTED_INCLUDE_IN_FRAMEWORK_HEADER = YES;
				CLANG_WARN_RANGE_LOOP_ANALYSIS = YES;
				CLANG_WARN_STRICT_PROTOTYPES = YES;
				CLANG_WARN_SUSPICIOUS_MOVE = YES;
				CLANG_WARN_UNGUARDED_AVAILABILITY = YES_AGGRESSIVE;
				CLANG_WARN_UNREACHABLE_CODE = YES;
				CLANG_WARN__DUPLICATE_METHOD_MATCH = YES;
				COPY_PHASE_STRIP = NO;
				DEBUG_INFORMATION_FORMAT = "dwarf-with-dsym";
				ENABLE_NS_ASSERTIONS = NO;
				ENABLE_STRICT_OBJC_MSGSEND = YES;
				ENABLE_USER_SCRIPT_SANDBOXING = YES;
				GCC_C_LANGUAGE_STANDARD = gnu17;
				GCC_NO_COMMON_BLOCKS = YES;
				GCC_WARN_64_TO_32_BIT_CONVERSION = YES;
				GCC_WARN_ABOUT_RETURN_TYPE = YES_ERROR;
				GCC_WARN_UNDECLARED_SELECTOR = YES;
				GCC_WARN_UNINITIALIZED_AUTOS = YES_AGGRESSIVE;
				GCC_WARN_UNUSED_FUNCTION = YES;
				GCC_WARN_UNUSED_VARIABLE = YES;
				MACOSX_DEPLOYMENT_TARGET = 13.0;
				LOCALIZATION_PREFERS_STRING_CATALOGS = YES;
				MTL_ENABLE_DEBUG_INFO = NO;
				MTL_FAST_MATH = YES;
				SDKROOT = macosx;
				SWIFT_COMPILATION_MODE = wholemodule;
				VALIDATE_PRODUCT = YES;
			};
			name = Release;
		};
		'AAB00003' = {
			isa = XCBuildConfiguration;
			buildSettings = {
				ASSETCATALOG_COMPILER_APPICON_NAME = AppIcon;
				ASSETCATALOG_COMPILER_GLOBAL_ACCENT_COLOR_NAME = AccentColor;
				CODE_SIGN_STYLE = Automatic;
				CURRENT_PROJECT_VERSION = 1;
				DEVELOPMENT_ASSET_PATHS = "\"Bitsongs/Preview Content\"";
				DEVELOPMENT_TEAM = 2X4PPNFDYW;
				ENABLE_PREVIEWS = YES;
				GENERATE_INFOPLIST_FILE = NO;
				INFOPLIST_FILE = Bitsongs/Info.plist;
				INFOPLIST_KEY_CFBundleDisplayName = DayDreamin;
				INFOPLIST_KEY_LSApplicationCategoryType = "public.app-category.music";
				LD_RUNPATH_SEARCH_PATHS = (
					"$(inherited)",
					"@executable_path/../Frameworks",
				);
				MACOSX_DEPLOYMENT_TARGET = 13.0;
				MARKETING_VERSION = 1.0;
				PRODUCT_BUNDLE_IDENTIFIER = com.daydreamin.app;
				PRODUCT_NAME = "$(TARGET_NAME)";
				SDKROOT = macosx;
				SUPPORTED_PLATFORMS = macosx;
				SWIFT_EMIT_LOC_STRINGS = YES;
				SWIFT_VERSION = 5.0;
			};
			name = Debug;
		};
		'AAB00004' = {
			isa = XCBuildConfiguration;
			buildSettings = {
				ASSETCATALOG_COMPILER_APPICON_NAME = AppIcon;
				ASSETCATALOG_COMPILER_GLOBAL_ACCENT_COLOR_NAME = AccentColor;
				CODE_SIGN_STYLE = Automatic;
				CURRENT_PROJECT_VERSION = 1;
				DEVELOPMENT_ASSET_PATHS = "\"Bitsongs/Preview Content\"";
				DEVELOPMENT_TEAM = 2X4PPNFDYW;
				ENABLE_PREVIEWS = YES;
				GENERATE_INFOPLIST_FILE = NO;
				INFOPLIST_FILE = Bitsongs/Info.plist;
				INFOPLIST_KEY_CFBundleDisplayName = DayDreamin;
				INFOPLIST_KEY_LSApplicationCategoryType = "public.app-category.music";
				LD_RUNPATH_SEARCH_PATHS = (
					"$(inherited)",
					"@executable_path/../Frameworks",
				);
				MACOSX_DEPLOYMENT_TARGET = 13.0;
				MARKETING_VERSION = 1.0;
				PRODUCT_BUNDLE_IDENTIFIER = com.daydreamin.app;
				PRODUCT_NAME = "$(TARGET_NAME)";
				SDKROOT = macosx;
				SUPPORTED_PLATFORMS = macosx;
				SWIFT_EMIT_LOC_STRINGS = YES;
				SWIFT_VERSION = 5.0;
			};
			name = Release;
		};
/* End XCBuildConfiguration section */

/* Begin XCConfigurationList section */
		'AA800001' = {
			isa = XCConfigurationList;
			buildConfigurations = (
				AAB00001,
				AAB00002,
			);
			defaultConfigurationIsVisible = 0;
			defaultConfigurationName = Release;
		};
		'AA800002' = {
			isa = XCConfigurationList;
			buildConfigurations = (
				AAB00003,
				AAB00004,
			);
			defaultConfigurationIsVisible = 0;
			defaultConfigurationName = Release;
		};
/* End XCConfigurationList section */
	};
	rootObject = AA900001;
}
